
Microsoft Visual Studio Solution File, Format Version 12.00
# Visual Studio Version 17
VisualStudioVersion = 17.5.33424.131
MinimumVisualStudioVersion = 10.0.40219.1
Project("{FAE04EC0-301F-11D3-BF4B-00C04F79EFBC}") = "ControleDeMendicamentos.ConsoleApp", "ControleDeMendicamentos.ConsoleApp\ControleDeMendicamentos.ConsoleApp.csproj", "{2EE8C860-D06C-4F54-ACAE-109B0CE20DED}"
EndProject
Global
	GlobalSection(SolutionConfigurationPlatforms) = preSolution
		Debug|Any CPU = Debug|Any CPU
		Release|Any CPU = Release|Any CPU
	EndGlobalSection
	GlobalSection(ProjectConfigurationPlatforms) = postSolution
		{2EE8C860-D06C-4F54-ACAE-109B0CE20DED}.Debug|Any CPU.ActiveCfg = Debug|Any CPU
		{2EE8C860-D06C-4F54-ACAE-109B0CE20DED}.Debug|Any CPU.Build.0 = Debug|Any CPU
		{2EE8C860-D06C-4F54-ACAE-109B0CE20DED}.Release|Any CPU.ActiveCfg = Release|Any CPU
		{2EE8C860-D06C-4F54-ACAE-109B0CE20DED}.Release|Any CPU.Build.0 = Release|Any CPU
	EndGlobalSection
	GlobalSection(SolutionProperties) = preSolution
		HideSolutionNode = FALSE
	EndGlobalSection
	GlobalSection(ExtensibilityGlobals) = postSolution
		SolutionGuid = {7AB0929E-9D85-444D-B241-65B20D3D743C}
	EndGlobalSection
EndGlobal
